{
  "originHash" : "f6c1788fa483e015f5942023af2c9ae9ee24ddee0377e64331a4a62019604e38",
  "pins" : [
    {
      "identity" : "opencv-spm",
      "kind" : "remoteSourceControl",
      "location" : "https://github.com/yeatse/opencv-spm",
      "state" : {
        "revision" : "106fd4aab9a0a83d46d3700b2dc3e2d6e6c93364",
        "version" : "5.0.0"
      }
    }
  ],
  "version" : 3
}
